
Microsoft Visual Studio Solution File, Format Version 12.00
# Visual Studio 15
VisualStudioVersion = 15.0.28010.2048
MinimumVisualStudioVersion = 10.0.40219.1
Project("{FAE04EC0-301F-11D3-BF4B-00C04F79EFBC}") = "MasterT.WPF.CrontabBuilder", "MasterT.WPF.CrontabBuilder\MasterT.WPF.CrontabBuilder.csproj", "{41B3868B-46B7-482E-95EC-18A52B7A6FD0}"
EndProject
Global
	GlobalSection(SolutionConfigurationPlatforms) = preSolution
		Debug|Any CPU = Debug|Any CPU
		Release|Any CPU = Release|Any CPU
	EndGlobalSection
	GlobalSection(ProjectConfigurationPlatforms) = postSolution
		{41B3868B-46B7-482E-95EC-18A52B7A6FD0}.Debug|Any CPU.ActiveCfg = Debug|Any CPU
		{41B3868B-46B7-482E-95EC-18A52B7A6FD0}.Debug|Any CPU.Build.0 = Debug|Any CPU
		{41B3868B-46B7-482E-95EC-18A52B7A6FD0}.Release|Any CPU.ActiveCfg = Release|Any CPU
		{41B3868B-46B7-482E-95EC-18A52B7A6FD0}.Release|Any CPU.Build.0 = Release|Any CPU
	EndGlobalSection
	GlobalSection(SolutionProperties) = preSolution
		HideSolutionNode = FALSE
	EndGlobalSection
	GlobalSection(ExtensibilityGlobals) = postSolution
		SolutionGuid = {6B3717A6-A884-46D2-A7DD-18764309AEED}
	EndGlobalSection
EndGlobal
